// !$*UTF8*$!
{
	archiveVersion = 1;
	classes = {
	};
	objectVersion = 46;
	objects = {

/* Begin PBXBuildFile section */
		41DE07531BAD25EC00701A89 /* main.m in Sources */ = {isa = PBXBuildFile; fileRef = 41DE07521BAD25EC00701A89 /* main.m */; };
		41DE07561BAD25EC00701A89 /* AppDelegate.m in Sources */ = {isa = PBXBuildFile; fileRef = 41DE07551BAD25EC00701A89 /* AppDelegate.m */; };
		41DE07591BAD25EC00701A89 /* ViewController.m in Sources */ = {isa = PBXBuildFile; fileRef = 41DE07581BAD25EC00701A89 /* ViewController.m */; };
		41DE075C1BAD25EC00701A89 /* Main.storyboard in Resources */ = {isa = PBXBuildFile; fileRef = 41DE075A1BAD25EC00701A89 /* Main.storyboard */; };
		41DE075E1BAD25EC00701A89 /* Images.xcassets in Resources */ = {isa = PBXBuildFile; fileRef = 41DE075D1BAD25EC00701A89 /* Images.xcassets */; };
		41DE07611BAD25EC00701A89 /* LaunchScreen.xib in Resources */ = {isa = PBXBuildFile; fileRef = 41DE075F1BAD25EC00701A89 /* LaunchScreen.xib */; };
		41DE076D1BAD25EC00701A89 /* iMWheelTests.m in Sources */ = {isa = PBXBuildFile; fileRef = 41DE076C1BAD25EC00701A89 /* iMWheelTests.m */; };
		41DE07781BAD263700701A89 /* iMWheel.m in Sources */ = {isa = PBXBuildFile; fileRef = 41DE07771BAD263700701A89 /* iMWheel.m */; };
		41DE077F1BAD28DE00701A89 /* QuartzCore.framework in Frameworks */ = {isa = PBXBuildFile; fileRef = 41DE077E1BAD28DE00701A89 /* QuartzCore.framework */; };
		41DE07821BAD666200701A89 /* iMSector.m in Sources */ = {isa = PBXBuildFile; fileRef = 41DE07811BAD666200701A89 /* iMSector.m */; };
/* End PBXBuildFile section */

/* Begin PBXContainerItemProxy section */
		41DE07671BAD25EC00701A89 /* PBXContainerItemProxy */ = {
			isa = PBXContainerItemProxy;
			containerPortal = 41DE07451BAD25EC00701A89 /* Project object */;
			proxyType = 1;
			remoteGlobalIDString = 41DE074C1BAD25EC00701A89;
			remoteInfo = iMWheel;
		};
/* End PBXContainerItemProxy section */

/* Begin PBXFileReference section */
		41DE074D1BAD25EC00701A89 /* iMWheel.app */ = {isa = PBXFileReference; explicitFileType = wrapper.application; includeInIndex = 0; path = iMWheel.app; sourceTree = BUILT_PRODUCTS_DIR; };
		41DE07511BAD25EC00701A89 /* Info.plist */ = {isa = PBXFileReference; lastKnownFileType = text.plist.xml; path = Info.plist; sourceTree = "<group>"; };
		41DE07521BAD25EC00701A89 /* main.m */ = {isa = PBXFileReference; lastKnownFileType = sourcecode.c.objc; path = main.m; sourceTree = "<group>"; };
		41DE07541BAD25EC00701A89 /* AppDelegate.h */ = {isa = PBXFileReference; lastKnownFileType = sourcecode.c.h; path = AppDelegate.h; sourceTree = "<group>"; };
		41DE07551BAD25EC00701A89 /* AppDelegate.m */ = {isa = PBXFileReference; lastKnownFileType = sourcecode.c.objc; path = AppDelegate.m; sourceTree = "<group>"; };
		41DE07571BAD25EC00701A89 /* ViewController.h */ = {isa = PBXFileReference; lastKnownFileType = sourcecode.c.h; path = ViewController.h; sourceTree = "<group>"; };
		41DE07581BAD25EC00701A89 /* ViewController.m */ = {isa = PBXFileReference; lastKnownFileType = sourcecode.c.objc; path = ViewController.m; sourceTree = "<group>"; };
		41DE075B1BAD25EC00701A89 /* Base */ = {isa = PBXFileReference; lastKnownFileType = file.storyboard; name = Base; path = Base.lproj/Main.storyboard; sourceTree = "<group>"; };
		41DE075D1BAD25EC00701A89 /* Images.xcassets */ = {isa = PBXFileReference; lastKnownFileType = folder.assetcatalog; path = Images.xcassets; sourceTree = "<group>"; };
		41DE07601BAD25EC00701A89 /* Base */ = {isa = PBXFileReference; lastKnownFileType = file.xib; name = Base; path = Base.lproj/LaunchScreen.xib; sourceTree = "<group>"; };
		41DE07661BAD25EC00701A89 /* iMWheelTests.xctest */ = {isa = PBXFileReference; explicitFileType = wrapper.cfbundle; includeInIndex = 0; path = iMWheelTests.xctest; sourceTree = BUILT_PRODUCTS_DIR; };
		41DE076B1BAD25EC00701A89 /* Info.plist */ = {isa = PBXFileReference; lastKnownFileType = text.plist.xml; path = Info.plist; sourceTree = "<group>"; };
		41DE076C1BAD25EC00701A89 /* iMWheelTests.m */ = {isa = PBXFileReference; lastKnownFileType = sourcecode.c.objc; path = iMWheelTests.m; sourceTree = "<group>"; };
		41DE07761BAD263700701A89 /* iMWheel.h */ = {isa = PBXFileReference; fileEncoding = 4; lastKnownFileType = sourcecode.c.h; path = iMWheel.h; sourceTree = "<group>"; };
		41DE07771BAD263700701A89 /* iMWheel.m */ = {isa = PBXFileReference; fileEncoding = 4; lastKnownFileType = sourcecode.c.objc; path = iMWheel.m; sourceTree = "<group>"; };
		41DE077D1BAD274100701A89 /* iMWheelProtocol.h */ = {isa = PBXFileReference; fileEncoding = 4; lastKnownFileType = sourcecode.c.h; path = iMWheelProtocol.h; sourceTree = "<group>"; };
		41DE077E1BAD28DE00701A89 /* QuartzCore.framework */ = {isa = PBXFileReference; lastKnownFileType = wrapper.framework; name = QuartzCore.framework; path = System/Library/Frameworks/QuartzCore.framework; sourceTree = SDKROOT; };
		41DE07801BAD666200701A89 /* iMSector.h */ = {isa = PBXFileReference; fileEncoding = 4; lastKnownFileType = sourcecode.c.h; path = iMSector.h; sourceTree = "<group>"; };
		41DE07811BAD666200701A89 /* iMSector.m */ = {isa = PBXFileReference; fileEncoding = 4; lastKnownFileType = sourcecode.c.objc; path = iMSector.m; sourceTree = "<group>"; };
/* End PBXFileReference section */

/* Begin PBXFrameworksBuildPhase section */
		41DE074A1BAD25EC00701A89 /* Frameworks */ = {
			isa = PBXFrameworksBuildPhase;
			buildActionMask = 2147483647;
			files = (
				41DE077F1BAD28DE00701A89 /* QuartzCore.framework in Frameworks */,
			);
			runOnlyForDeploymentPostprocessing = 0;
		};
		41DE07631BAD25EC00701A89 /* Frameworks */ = {
			isa = PBXFrameworksBuildPhase;
			buildActionMask = 2147483647;
			files = (
			);
			runOnlyForDeploymentPostprocessing = 0;
		};
/* End PBXFrameworksBuildPhase section */

/* Begin PBXGroup section */
		41DE07441BAD25EC00701A89 = {
			isa = PBXGroup;
			children = (
				41DE077E1BAD28DE00701A89 /* QuartzCore.framework */,
				41DE074F1BAD25EC00701A89 /* iMWheel */,
				41DE07691BAD25EC00701A89 /* iMWheelTests */,
				41DE074E1BAD25EC00701A89 /* Products */,
			);
			sourceTree = "<group>";
		};
		41DE074E1BAD25EC00701A89 /* Products */ = {
			isa = PBXGroup;
			children = (
				41DE074D1BAD25EC00701A89 /* iMWheel.app */,
				41DE07661BAD25EC00701A89 /* iMWheelTests.xctest */,
			);
			name = Products;
			sourceTree = "<group>";
		};
		41DE074F1BAD25EC00701A89 /* iMWheel */ = {
			isa = PBXGroup;
			children = (
				41DE07541BAD25EC00701A89 /* AppDelegate.h */,
				41DE07551BAD25EC00701A89 /* AppDelegate.m */,
				41DE07571BAD25EC00701A89 /* ViewController.h */,
				41DE07581BAD25EC00701A89 /* ViewController.m */,
				41DE07761BAD263700701A89 /* iMWheel.h */,
				41DE07771BAD263700701A89 /* iMWheel.m */,
				41DE07801BAD666200701A89 /* iMSector.h */,
				41DE07811BAD666200701A89 /* iMSector.m */,
				41DE077D1BAD274100701A89 /* iMWheelProtocol.h */,
				41DE075A1BAD25EC00701A89 /* Main.storyboard */,
				41DE075D1BAD25EC00701A89 /* Images.xcassets */,
				41DE075F1BAD25EC00701A89 /* LaunchScreen.xib */,
				41DE07501BAD25EC00701A89 /* Supporting Files */,
			);
			path = iMWheel;
			sourceTree = "<group>";
		};
		41DE07501BAD25EC00701A89 /* Supporting Files */ = {
			isa = PBXGroup;
			children = (
				41DE07511BAD25EC00701A89 /* Info.plist */,
				41DE07521BAD25EC00701A89 /* main.m */,
			);
			name = "Supporting Files";
			sourceTree = "<group>";
		};
		41DE07691BAD25EC00701A89 /* iMWheelTests */ = {
			isa = PBXGroup;
			children = (
				41DE076C1BAD25EC00701A89 /* iMWheelTests.m */,
				41DE076A1BAD25EC00701A89 /* Supporting Files */,
			);
			path = iMWheelTests;
			sourceTree = "<group>";
		};
		41DE076A1BAD25EC00701A89 /* Supporting Files */ = {
			isa = PBXGroup;
			children = (
				41DE076B1BAD25EC00701A89 /* Info.plist */,
			);
			name = "Supporting Files";
			sourceTree = "<group>";
		};
/* End PBXGroup section */

/* Begin PBXNativeTarget section */
		41DE074C1BAD25EC00701A89 /* iMWheel */ = {
			isa = PBXNativeTarget;
			buildConfigurationList = 41DE07701BAD25EC00701A89 /* Build configuration list for PBXNativeTarget "iMWheel" */;
			buildPhases = (
				41DE07491BAD25EC00701A89 /* Sources */,
				41DE074A1BAD25EC00701A89 /* Frameworks */,
				41DE074B1BAD25EC00701A89 /* Resources */,
			);
			buildRules = (
			);
			dependencies = (
			);
			name = iMWheel;
			productName = iMWheel;
			productReference = 41DE074D1BAD25EC00701A89 /* iMWheel.app */;
			productType = "com.apple.product-type.application";
		};
		41DE07651BAD25EC00701A89 /* iMWheelTests */ = {
			isa = PBXNativeTarget;
			buildConfigurationList = 41DE07731BAD25EC00701A89 /* Build configuration list for PBXNativeTarget "iMWheelTests" */;
			buildPhases = (
				41DE07621BAD25EC00701A89 /* Sources */,
				41DE07631BAD25EC00701A89 /* Frameworks */,
				41DE07641BAD25EC00701A89 /* Resources */,
			);
			buildRules = (
			);
			dependencies = (
				41DE07681BAD25EC00701A89 /* PBXTargetDependency */,
			);
			name = iMWheelTests;
			productName = iMWheelTests;
			productReference = 41DE07661BAD25EC00701A89 /* iMWheelTests.xctest */;
			productType = "com.apple.product-type.bundle.unit-test";
		};
/* End PBXNativeTarget section */

/* Begin PBXProject section */
		41DE07451BAD25EC00701A89 /* Project object */ = {
			isa = PBXProject;
			attributes = {
				LastUpgradeCheck = 0630;
				ORGANIZATIONNAME = iMuzahid;
				TargetAttributes = {
					41DE074C1BAD25EC00701A89 = {
						CreatedOnToolsVersion = 6.3.1;
					};
					41DE07651BAD25EC00701A89 = {
						CreatedOnToolsVersion = 6.3.1;
						TestTargetID = 41DE074C1BAD25EC00701A89;
					};
				};
			};
			buildConfigurationList = 41DE07481BAD25EC00701A89 /* Build configuration list for PBXProject "iMWheel" */;
			compatibilityVersion = "Xcode 3.2";
			developmentRegion = English;
			hasScannedForEncodings = 0;
			knownRegions = (
				en,
				Base,
			);
			mainGroup = 41DE07441BAD25EC00701A89;
			productRefGroup = 41DE074E1BAD25EC00701A89 /* Products */;
			projectDirPath = "";
			projectRoot = "";
			targets = (
				41DE074C1BAD25EC00701A89 /* iMWheel */,
				41DE07651BAD25EC00701A89 /* iMWheelTests */,
			);
		};
/* End PBXProject section */

/* Begin PBXResourcesBuildPhase section */
		41DE074B1BAD25EC00701A89 /* Resources */ = {
			isa = PBXResourcesBuildPhase;
			buildActionMask = 2147483647;
			files = (
				41DE075C1BAD25EC00701A89 /* Main.storyboard in Resources */,
				41DE07611BAD25EC00701A89 /* LaunchScreen.xib in Resources */,
				41DE075E1BAD25EC00701A89 /* Images.xcassets in Resources */,
			);
			runOnlyForDeploymentPostprocessing = 0;
		};
		41DE07641BAD25EC00701A89 /* Resources */ = {
			isa = PBXResourcesBuildPhase;
			buildActionMask = 2147483647;
			files = (
			);
			runOnlyForDeploymentPostprocessing = 0;
		};
/* End PBXResourcesBuildPhase section */

/* Begin PBXSourcesBuildPhase section */
		41DE07491BAD25EC00701A89 /* Sources */ = {
			isa = PBXSourcesBuildPhase;
			buildActionMask = 2147483647;
			files = (
				41DE07591BAD25EC00701A89 /* ViewController.m in Sources */,
				41DE07821BAD666200701A89 /* iMSector.m in Sources */,
				41DE07561BAD25EC00701A89 /* AppDelegate.m in Sources */,
				41DE07531BAD25EC00701A89 /* main.m in Sources */,
				41DE07781BAD263700701A89 /* iMWheel.m in Sources */,
			);
			runOnlyForDeploymentPostprocessing = 0;
		};
		41DE07621BAD25EC00701A89 /* Sources */ = {
			isa = PBXSourcesBuildPhase;
			buildActionMask = 2147483647;
			files = (
				41DE076D1BAD25EC00701A89 /* iMWheelTests.m in Sources */,
			);
			runOnlyForDeploymentPostprocessing = 0;
		};
/* End PBXSourcesBuildPhase section */

/* Begin PBXTargetDependency section */
		41DE07681BAD25EC00701A89 /* PBXTargetDependency */ = {
			isa = PBXTargetDependency;
			target = 41DE074C1BAD25EC00701A89 /* iMWheel */;
			targetProxy = 41DE07671BAD25EC00701A89 /* PBXContainerItemProxy */;
		};
/* End PBXTargetDependency section */

/* Begin PBXVariantGroup section */
		41DE075A1BAD25EC00701A89 /* Main.storyboard */ = {
			isa = PBXVariantGroup;
			children = (
				41DE075B1BAD25EC00701A89 /* Base */,
			);
			name = Main.storyboard;
			sourceTree = "<group>";
		};
		41DE075F1BAD25EC00701A89 /* LaunchScreen.xib */ = {
			isa = PBXVariantGroup;
			children = (
				41DE07601BAD25EC00701A89 /* Base */,
			);
			name = LaunchScreen.xib;
			sourceTree = "<group>";
		};
/* End PBXVariantGroup section */

/* Begin XCBuildConfiguration section */
		41DE076E1BAD25EC00701A89 /* Debug */ = {
			isa = XCBuildConfiguration;
			buildSettings = {
				ALWAYS_SEARCH_USER_PATHS = NO;
				CLANG_CXX_LANGUAGE_STANDARD = "gnu++0x";
				CLANG_CXX_LIBRARY = "libc++";
				CLANG_ENABLE_MODULES = YES;
				CLANG_ENABLE_OBJC_ARC = YES;
				CLANG_WARN_BOOL_CONVERSION = YES;
				CLANG_WARN_CONSTANT_CONVERSION = YES;
				CLANG_WARN_DIRECT_OBJC_ISA_USAGE = YES_ERROR;
				CLANG_WARN_EMPTY_BODY = YES;
				CLANG_WARN_ENUM_CONVERSION = YES;
				CLANG_WARN_INT_CONVERSION = YES;
				CLANG_WARN_OBJC_ROOT_CLASS = YES_ERROR;
				CLANG_WARN_UNREACHABLE_CODE = YES;
				CLANG_WARN__DUPLICATE_METHOD_MATCH = YES;
				"CODE_SIGN_IDENTITY[sdk=iphoneos*]" = "iPhone Developer";
				COPY_PHASE_STRIP = NO;
				DEBUG_INFORMATION_FORMAT = "dwarf-with-dsym";
				ENABLE_STRICT_OBJC_MSGSEND = YES;
				GCC_C_LANGUAGE_STANDARD = gnu99;
				GCC_DYNAMIC_NO_PIC = NO;
				GCC_NO_COMMON_BLOCKS = YES;
				GCC_OPTIMIZATION_LEVEL = 0;
				GCC_PREPROCESSOR_DEFINITIONS = (
					"DEBUG=1",
					"$(inherited)",
				);
				GCC_SYMBOLS_PRIVATE_EXTERN = NO;
				GCC_WARN_64_TO_32_BIT_CONVERSION = YES;
				GCC_WARN_ABOUT_RETURN_TYPE = YES_ERROR;
				GCC_WARN_UNDECLARED_SELECTOR = YES;
				GCC_WARN_UNINITIALIZED_AUTOS = YES_AGGRESSIVE;
				GCC_WARN_UNUSED_FUNCTION = YES;
				GCC_WARN_UNUSED_VARIABLE = YES;
				IPHONEOS_DEPLOYMENT_TARGET = 8.3;
				MTL_ENABLE_DEBUG_INFO = YES;
				ONLY_ACTIVE_ARCH = YES;
				SDKROOT = iphoneos;
				TARGETED_DEVICE_FAMILY = "1,2";
			};
			name = Debug;
		};
		41DE076F1BAD25EC00701A89 /* Release */ = {
			isa = XCBuildConfiguration;
			buildSettings = {
				ALWAYS_SEARCH_USER_PATHS = NO;
				CLANG_CXX_LANGUAGE_STANDARD = "gnu++0x";
				CLANG_CXX_LIBRARY = "libc++";
				CLANG_ENABLE_MODULES = YES;
				CLANG_ENABLE_OBJC_ARC = YES;
				CLANG_WARN_BOOL_CONVERSION = YES;
				CLANG_WARN_CONSTANT_CONVERSION = YES;
				CLANG_WARN_DIRECT_OBJC_ISA_USAGE = YES_ERROR;
				CLANG_WARN_EMPTY_BODY = YES;
				CLANG_WARN_ENUM_CONVERSION = YES;
				CLANG_WARN_INT_CONVERSION = YES;
				CLANG_WARN_OBJC_ROOT_CLASS = YES_ERROR;
				CLANG_WARN_UNREACHABLE_CODE = YES;
				CLANG_WARN__DUPLICATE_METHOD_MATCH = YES;
				"CODE_SIGN_IDENTITY[sdk=iphoneos*]" = "iPhone Developer";
				COPY_PHASE_STRIP = NO;
				DEBUG_INFORMATION_FORMAT = "dwarf-with-dsym";
				ENABLE_NS_ASSERTIONS = NO;
				ENABLE_STRICT_OBJC_MSGSEND = YES;
				GCC_C_LANGUAGE_STANDARD = gnu99;
				GCC_NO_COMMON_BLOCKS = YES;
				GCC_WARN_64_TO_32_BIT_CONVERSION = YES;
				GCC_WARN_ABOUT_RETURN_TYPE = YES_ERROR;
				GCC_WARN_UNDECLARED_SELECTOR = YES;
				GCC_WARN_UNINITIALIZED_AUTOS = YES_AGGRESSIVE;
				GCC_WARN_UNUSED_FUNCTION = YES;
				GCC_WARN_UNUSED_VARIABLE = YES;
				IPHONEOS_DEPLOYMENT_TARGET = 8.3;
				MTL_ENABLE_DEBUG_INFO = NO;
				SDKROOT = iphoneos;
				TARGETED_DEVICE_FAMILY = "1,2";
				VALIDATE_PRODUCT = YES;
			};
			name = Release;
		};
		41DE07711BAD25EC00701A89 /* Debug */ = {
			isa = XCBuildConfiguration;
			buildSettings = {
				ASSETCATALOG_COMPILER_APPICON_NAME = AppIcon;
				INFOPLIST_FILE = iMWheel/Info.plist;
				LD_RUNPATH_SEARCH_PATHS = "$(inherited) @executable_path/Frameworks";
				PRODUCT_NAME = "$(TARGET_NAME)";
			};
			name = Debug;
		};
		41DE07721BAD25EC00701A89 /* Release */ = {
			isa = XCBuildConfiguration;
			buildSettings = {
				ASSETCATALOG_COMPILER_APPICON_NAME = AppIcon;
				INFOPLIST_FILE = iMWheel/Info.plist;
				LD_RUNPATH_SEARCH_PATHS = "$(inherited) @executable_path/Frameworks";
				PRODUCT_NAME = "$(TARGET_NAME)";
			};
			name = Release;
		};
		41DE07741BAD25EC00701A89 /* Debug */ = {
			isa = XCBuildConfiguration;
			buildSettings = {
				BUNDLE_LOADER = "$(TEST_HOST)";
				FRAMEWORK_SEARCH_PATHS = (
					"$(SDKROOT)/Developer/Library/Frameworks",
					"$(inherited)",
				);
				GCC_PREPROCESSOR_DEFINITIONS = (
					"DEBUG=1",
					"$(inherited)",
				);
				INFOPLIST_FILE = iMWheelTests/Info.plist;
				LD_RUNPATH_SEARCH_PATHS = "$(inherited) @executable_path/Frameworks @loader_path/Frameworks";
				PRODUCT_NAME = "$(TARGET_NAME)";
				TEST_HOST = "$(BUILT_PRODUCTS_DIR)/iMWheel.app/iMWheel";
			};
			name = Debug;
		};
		41DE07751BAD25EC00701A89 /* Release */ = {
			isa = XCBuildConfiguration;
			buildSettings = {
				BUNDLE_LOADER = "$(TEST_HOST)";
				FRAMEWORK_SEARCH_PATHS = (
					"$(SDKROOT)/Developer/Library/Frameworks",
					"$(inherited)",
				);
				INFOPLIST_FILE = iMWheelTests/Info.plist;
				LD_RUNPATH_SEARCH_PATHS = "$(inherited) @executable_path/Frameworks @loader_path/Frameworks";
				PRODUCT_NAME = "$(TARGET_NAME)";
				TEST_HOST = "$(BUILT_PRODUCTS_DIR)/iMWheel.app/iMWheel";
			};
			name = Release;
		};
/* End XCBuildConfiguration section */

/* Begin XCConfigurationList section */
		41DE07481BAD25EC00701A89 /* Build configuration list for PBXProject "iMWheel" */ = {
			isa = XCConfigurationList;
			buildConfigurations = (
				41DE076E1BAD25EC00701A89 /* Debug */,
				41DE076F1BAD25EC00701A89 /* Release */,
			);
			defaultConfigurationIsVisible = 0;
			defaultConfigurationName = Release;
		};
		41DE07701BAD25EC00701A89 /* Build configuration list for PBXNativeTarget "iMWheel" */ = {
			isa = XCConfigurationList;
			buildConfigurations = (
				41DE07711BAD25EC00701A89 /* Debug */,
				41DE07721BAD25EC00701A89 /* Release */,
			);
			defaultConfigurationIsVisible = 0;
		};
		41DE07731BAD25EC00701A89 /* Build configuration list for PBXNativeTarget "iMWheelTests" */ = {
			isa = XCConfigurationList;
			buildConfigurations = (
				41DE07741BAD25EC00701A89 /* Debug */,
				41DE07751BAD25EC00701A89 /* Release */,
			);
			defaultConfigurationIsVisible = 0;
		};
/* End XCConfigurationList section */
	};
	rootObject = 41DE07451BAD25EC00701A89 /* Project object */;
}
